
Microsoft Visual Studio Solution File, Format Version 12.00
# Visual Studio Version 17
VisualStudioVersion = 17.14.36414.22
MinimumVisualStudioVersion = 10.0.40219.1
Project("{FAE04EC0-301F-11D3-BF4B-00C04F79EFBC}") = "PifPafCLI", "PifPafCLI\PifPafCLI.csproj", "{DFDB19FB-21EC-4A46-AE89-9A06D5EE58A1}"
EndProject
Global
	GlobalSection(SolutionConfigurationPlatforms) = preSolution
		Debug|Any CPU = Debug|Any CPU
		Release|Any CPU = Release|Any CPU
	EndGlobalSection
	GlobalSection(ProjectConfigurationPlatforms) = postSolution
		{DFDB19FB-21EC-4A46-AE89-9A06D5EE58A1}.Debug|Any CPU.ActiveCfg = Debug|Any CPU
		{DFDB19FB-21EC-4A46-AE89-9A06D5EE58A1}.Debug|Any CPU.Build.0 = Debug|Any CPU
		{DFDB19FB-21EC-4A46-AE89-9A06D5EE58A1}.Release|Any CPU.ActiveCfg = Release|Any CPU
		{DFDB19FB-21EC-4A46-AE89-9A06D5EE58A1}.Release|Any CPU.Build.0 = Release|Any CPU
	EndGlobalSection
	GlobalSection(SolutionProperties) = preSolution
		HideSolutionNode = FALSE
	EndGlobalSection
	GlobalSection(ExtensibilityGlobals) = postSolution
		SolutionGuid = {E597A02F-152F-461A-97A3-5C31214930A1}
	EndGlobalSection
EndGlobal
